// !$*UTF8*$!
{
	archiveVersion = 1;
	classes = {
	};
	objectVersion = 55;
	objects = {

/* Begin PBXBuildFile section */
		A8F60F08292EAA6D002B00D1 /* main.swift in Sources */ = {isa = PBXBuildFile; fileRef = A8F60F07292EAA6D002B00D1 /* main.swift */; };
		A8F60F0F292FF78C002B00D1 /* Pizza.swift in Sources */ = {isa = PBXBuildFile; fileRef = A8F60F0E292FF78C002B00D1 /* Pizza.swift */; };
		A8F60F11292FF7D0002B00D1 /* PizzaStore.swift in Sources */ = {isa = PBXBuildFile; fileRef = A8F60F10292FF7D0002B00D1 /* PizzaStore.swift */; };
		A8F60F13292FFB2C002B00D1 /* SimplePizzaFactory.swift in Sources */ = {isa = PBXBuildFile; fileRef = A8F60F12292FFB2B002B00D1 /* SimplePizzaFactory.swift */; };
		A8F60F4329326D43002B00D1 /* NYPizzaFactory.swift in Sources */ = {isa = PBXBuildFile; fileRef = A8F60F4229326D43002B00D1 /* NYPizzaFactory.swift */; };
		A8F60F4529326D4E002B00D1 /* ChicagoPizzaFactory.swift in Sources */ = {isa = PBXBuildFile; fileRef = A8F60F4429326D4E002B00D1 /* ChicagoPizzaFactory.swift */; };
		A8F60F4729326EA0002B00D1 /* CaliforniaPizzaFactory.swift in Sources */ = {isa = PBXBuildFile; fileRef = A8F60F4629326EA0002B00D1 /* CaliforniaPizzaFactory.swift */; };
		A8F60F49293272A6002B00D1 /* NYPizzaStore.swift in Sources */ = {isa = PBXBuildFile; fileRef = A8F60F48293272A6002B00D1 /* NYPizzaStore.swift */; };
		A8F60F4B293272B3002B00D1 /* ChicagoPizzaStore.swift in Sources */ = {isa = PBXBuildFile; fileRef = A8F60F4A293272B3002B00D1 /* ChicagoPizzaStore.swift */; };
		A8F60F4D293272BD002B00D1 /* CaliforniaPizzaStore.swift in Sources */ = {isa = PBXBuildFile; fileRef = A8F60F4C293272BD002B00D1 /* CaliforniaPizzaStore.swift */; };
/* End PBXBuildFile section */

/* Begin PBXCopyFilesBuildPhase section */
		A8F60F02292EAA6D002B00D1 /* CopyFiles */ = {
			isa = PBXCopyFilesBuildPhase;
			buildActionMask = 2147483647;
			dstPath = /usr/share/man/man1/;
			dstSubfolderSpec = 0;
			files = (
			);
			runOnlyForDeploymentPostprocessing = 1;
		};
/* End PBXCopyFilesBuildPhase section */

/* Begin PBXFileReference section */
		A8F60F04292EAA6D002B00D1 /* FactoryPattern */ = {isa = PBXFileReference; explicitFileType = "compiled.mach-o.executable"; includeInIndex = 0; path = FactoryPattern; sourceTree = BUILT_PRODUCTS_DIR; };
		A8F60F07292EAA6D002B00D1 /* main.swift */ = {isa = PBXFileReference; lastKnownFileType = sourcecode.swift; path = main.swift; sourceTree = "<group>"; };
		A8F60F0E292FF78C002B00D1 /* Pizza.swift */ = {isa = PBXFileReference; lastKnownFileType = sourcecode.swift; path = Pizza.swift; sourceTree = "<group>"; };
		A8F60F10292FF7D0002B00D1 /* PizzaStore.swift */ = {isa = PBXFileReference; lastKnownFileType = sourcecode.swift; path = PizzaStore.swift; sourceTree = "<group>"; };
		A8F60F12292FFB2B002B00D1 /* SimplePizzaFactory.swift */ = {isa = PBXFileReference; lastKnownFileType = sourcecode.swift; path = SimplePizzaFactory.swift; sourceTree = "<group>"; };
		A8F60F4229326D43002B00D1 /* NYPizzaFactory.swift */ = {isa = PBXFileReference; lastKnownFileType = sourcecode.swift; path = NYPizzaFactory.swift; sourceTree = "<group>"; };
		A8F60F4429326D4E002B00D1 /* ChicagoPizzaFactory.swift */ = {isa = PBXFileReference; lastKnownFileType = sourcecode.swift; path = ChicagoPizzaFactory.swift; sourceTree = "<group>"; };
		A8F60F4629326EA0002B00D1 /* CaliforniaPizzaFactory.swift */ = {isa = PBXFileReference; lastKnownFileType = sourcecode.swift; path = CaliforniaPizzaFactory.swift; sourceTree = "<group>"; };
		A8F60F48293272A6002B00D1 /* NYPizzaStore.swift */ = {isa = PBXFileReference; lastKnownFileType = sourcecode.swift; path = NYPizzaStore.swift; sourceTree = "<group>"; };
		A8F60F4A293272B3002B00D1 /* ChicagoPizzaStore.swift */ = {isa = PBXFileReference; lastKnownFileType = sourcecode.swift; path = ChicagoPizzaStore.swift; sourceTree = "<group>"; };
		A8F60F4C293272BD002B00D1 /* CaliforniaPizzaStore.swift */ = {isa = PBXFileReference; lastKnownFileType = sourcecode.swift; path = CaliforniaPizzaStore.swift; sourceTree = "<group>"; };
/* End PBXFileReference section */

/* Begin PBXFrameworksBuildPhase section */
		A8F60F01292EAA6D002B00D1 /* Frameworks */ = {
			isa = PBXFrameworksBuildPhase;
			buildActionMask = 2147483647;
			files = (
			);
			runOnlyForDeploymentPostprocessing = 0;
		};
/* End PBXFrameworksBuildPhase section */

/* Begin PBXGroup section */
		A8F60EFB292EAA6D002B00D1 = {
			isa = PBXGroup;
			children = (
				A8F60F06292EAA6D002B00D1 /* FactoryPattern */,
				A8F60F05292EAA6D002B00D1 /* Products */,
			);
			sourceTree = "<group>";
		};
		A8F60F05292EAA6D002B00D1 /* Products */ = {
			isa = PBXGroup;
			children = (
				A8F60F04292EAA6D002B00D1 /* FactoryPattern */,
			);
			name = Products;
			sourceTree = "<group>";
		};
		A8F60F06292EAA6D002B00D1 /* FactoryPattern */ = {
			isa = PBXGroup;
			children = (
				A8F60F07292EAA6D002B00D1 /* main.swift */,
				A8F60F0E292FF78C002B00D1 /* Pizza.swift */,
				A8F60F10292FF7D0002B00D1 /* PizzaStore.swift */,
				A8F60F48293272A6002B00D1 /* NYPizzaStore.swift */,
				A8F60F4A293272B3002B00D1 /* ChicagoPizzaStore.swift */,
				A8F60F4C293272BD002B00D1 /* CaliforniaPizzaStore.swift */,
				A8F60F12292FFB2B002B00D1 /* SimplePizzaFactory.swift */,
				A8F60F4229326D43002B00D1 /* NYPizzaFactory.swift */,
				A8F60F4429326D4E002B00D1 /* ChicagoPizzaFactory.swift */,
				A8F60F4629326EA0002B00D1 /* CaliforniaPizzaFactory.swift */,
			);
			path = FactoryPattern;
			sourceTree = "<group>";
		};
/* End PBXGroup section */

/* Begin PBXNativeTarget section */
		A8F60F03292EAA6D002B00D1 /* FactoryPattern */ = {
			isa = PBXNativeTarget;
			buildConfigurationList = A8F60F0B292EAA6D002B00D1 /* Build configuration list for PBXNativeTarget "FactoryPattern" */;
			buildPhases = (
				A8F60F00292EAA6D002B00D1 /* Sources */,
				A8F60F01292EAA6D002B00D1 /* Frameworks */,
				A8F60F02292EAA6D002B00D1 /* CopyFiles */,
			);
			buildRules = (
			);
			dependencies = (
			);
			name = FactoryPattern;
			productName = FactoryPattern;
			productReference = A8F60F04292EAA6D002B00D1 /* FactoryPattern */;
			productType = "com.apple.product-type.tool";
		};
/* End PBXNativeTarget section */

/* Begin PBXProject section */
		A8F60EFC292EAA6D002B00D1 /* Project object */ = {
			isa = PBXProject;
			attributes = {
				BuildIndependentTargetsInParallel = 1;
				LastSwiftUpdateCheck = 1340;
				LastUpgradeCheck = 1340;
				TargetAttributes = {
					A8F60F03292EAA6D002B00D1 = {
						CreatedOnToolsVersion = 13.4.1;
					};
				};
			};
			buildConfigurationList = A8F60EFF292EAA6D002B00D1 /* Build configuration list for PBXProject "FactoryPattern" */;
			compatibilityVersion = "Xcode 13.0";
			developmentRegion = en;
			hasScannedForEncodings = 0;
			knownRegions = (
				en,
				Base,
			);
			mainGroup = A8F60EFB292EAA6D002B00D1;
			productRefGroup = A8F60F05292EAA6D002B00D1 /* Products */;
			projectDirPath = "";
			projectRoot = "";
			targets = (
				A8F60F03292EAA6D002B00D1 /* FactoryPattern */,
			);
		};
/* End PBXProject section */

/* Begin PBXSourcesBuildPhase section */
		A8F60F00292EAA6D002B00D1 /* Sources */ = {
			isa = PBXSourcesBuildPhase;
			buildActionMask = 2147483647;
			files = (
				A8F60F4529326D4E002B00D1 /* ChicagoPizzaFactory.swift in Sources */,
				A8F60F4B293272B3002B00D1 /* ChicagoPizzaStore.swift in Sources */,
				A8F60F11292FF7D0002B00D1 /* PizzaStore.swift in Sources */,
				A8F60F0F292FF78C002B00D1 /* Pizza.swift in Sources */,
				A8F60F4D293272BD002B00D1 /* CaliforniaPizzaStore.swift in Sources */,
				A8F60F08292EAA6D002B00D1 /* main.swift in Sources */,
				A8F60F4729326EA0002B00D1 /* CaliforniaPizzaFactory.swift in Sources */,
				A8F60F4329326D43002B00D1 /* NYPizzaFactory.swift in Sources */,
				A8F60F13292FFB2C002B00D1 /* SimplePizzaFactory.swift in Sources */,
				A8F60F49293272A6002B00D1 /* NYPizzaStore.swift in Sources */,
			);
			runOnlyForDeploymentPostprocessing = 0;
		};
/* End PBXSourcesBuildPhase section */

/* Begin XCBuildConfiguration section */
		A8F60F09292EAA6D002B00D1 /* Debug */ = {
			isa = XCBuildConfiguration;
			buildSettings = {
				ALWAYS_SEARCH_USER_PATHS = NO;
				CLANG_ANALYZER_NONNULL = YES;
				CLANG_ANALYZER_NUMBER_OBJECT_CONVERSION = YES_AGGRESSIVE;
				CLANG_CXX_LANGUAGE_STANDARD = "gnu++17";
				CLANG_ENABLE_MODULES = YES;
				CLANG_ENABLE_OBJC_ARC = YES;
				CLANG_ENABLE_OBJC_WEAK = YES;
				CLANG_WARN_BLOCK_CAPTURE_AUTORELEASING = YES;
				CLANG_WARN_BOOL_CONVERSION = YES;
				CLANG_WARN_COMMA = YES;
				CLANG_WARN_CONSTANT_CONVERSION = YES;
				CLANG_WARN_DEPRECATED_OBJC_IMPLEMENTATIONS = YES;
				CLANG_WARN_DIRECT_OBJC_ISA_USAGE = YES_ERROR;
				CLANG_WARN_DOCUMENTATION_COMMENTS = YES;
				CLANG_WARN_EMPTY_BODY = YES;
				CLANG_WARN_ENUM_CONVERSION = YES;
				CLANG_WARN_INFINITE_RECURSION = YES;
				CLANG_WARN_INT_CONVERSION = YES;
				CLANG_WARN_NON_LITERAL_NULL_CONVERSION = YES;
				CLANG_WARN_OBJC_IMPLICIT_RETAIN_SELF = YES;
				CLANG_WARN_OBJC_LITERAL_CONVERSION = YES;
				CLANG_WARN_OBJC_ROOT_CLASS = YES_ERROR;
				CLANG_WARN_QUOTED_INCLUDE_IN_FRAMEWORK_HEADER = YES;
				CLANG_WARN_RANGE_LOOP_ANALYSIS = YES;
				CLANG_WARN_STRICT_PROTOTYPES = YES;
				CLANG_WARN_SUSPICIOUS_MOVE = YES;
				CLANG_WARN_UNGUARDED_AVAILABILITY = YES_AGGRESSIVE;
				CLANG_WARN_UNREACHABLE_CODE = YES;
				CLANG_WARN__DUPLICATE_METHOD_MATCH = YES;
				COPY_PHASE_STRIP = NO;
				DEBUG_INFORMATION_FORMAT = dwarf;
				ENABLE_STRICT_OBJC_MSGSEND = YES;
				ENABLE_TESTABILITY = YES;
				GCC_C_LANGUAGE_STANDARD = gnu11;
				GCC_DYNAMIC_NO_PIC = NO;
				GCC_NO_COMMON_BLOCKS = YES;
				GCC_OPTIMIZATION_LEVEL = 0;
				GCC_PREPROCESSOR_DEFINITIONS = (
					"DEBUG=1",
					"$(inherited)",
				);
				GCC_WARN_64_TO_32_BIT_CONVERSION = YES;
				GCC_WARN_ABOUT_RETURN_TYPE = YES_ERROR;
				GCC_WARN_UNDECLARED_SELECTOR = YES;
				GCC_WARN_UNINITIALIZED_AUTOS = YES_AGGRESSIVE;
				GCC_WARN_UNUSED_FUNCTION = YES;
				GCC_WARN_UNUSED_VARIABLE = YES;
				MACOSX_DEPLOYMENT_TARGET = 12.3;
				MTL_ENABLE_DEBUG_INFO = INCLUDE_SOURCE;
				MTL_FAST_MATH = YES;
				ONLY_ACTIVE_ARCH = YES;
				SDKROOT = macosx;
				SWIFT_ACTIVE_COMPILATION_CONDITIONS = DEBUG;
				SWIFT_OPTIMIZATION_LEVEL = "-Onone";
			};
			name = Debug;
		};
		A8F60F0A292EAA6D002B00D1 /* Release */ = {
			isa = XCBuildConfiguration;
			buildSettings = {
				ALWAYS_SEARCH_USER_PATHS = NO;
				CLANG_ANALYZER_NONNULL = YES;
				CLANG_ANALYZER_NUMBER_OBJECT_CONVERSION = YES_AGGRESSIVE;
				CLANG_CXX_LANGUAGE_STANDARD = "gnu++17";
				CLANG_ENABLE_MODULES = YES;
				CLANG_ENABLE_OBJC_ARC = YES;
				CLANG_ENABLE_OBJC_WEAK = YES;
				CLANG_WARN_BLOCK_CAPTURE_AUTORELEASING = YES;
				CLANG_WARN_BOOL_CONVERSION = YES;
				CLANG_WARN_COMMA = YES;
				CLANG_WARN_CONSTANT_CONVERSION = YES;
				CLANG_WARN_DEPRECATED_OBJC_IMPLEMENTATIONS = YES;
				CLANG_WARN_DIRECT_OBJC_ISA_USAGE = YES_ERROR;
				CLANG_WARN_DOCUMENTATION_COMMENTS = YES;
				CLANG_WARN_EMPTY_BODY = YES;
				CLANG_WARN_ENUM_CONVERSION = YES;
				CLANG_WARN_INFINITE_RECURSION = YES;
				CLANG_WARN_INT_CONVERSION = YES;
				CLANG_WARN_NON_LITERAL_NULL_CONVERSION = YES;
				CLANG_WARN_OBJC_IMPLICIT_RETAIN_SELF = YES;
				CLANG_WARN_OBJC_LITERAL_CONVERSION = YES;
				CLANG_WARN_OBJC_ROOT_CLASS = YES_ERROR;
				CLANG_WARN_QUOTED_INCLUDE_IN_FRAMEWORK_HEADER = YES;
				CLANG_WARN_RANGE_LOOP_ANALYSIS = YES;
				CLANG_WARN_STRICT_PROTOTYPES = YES;
				CLANG_WARN_SUSPICIOUS_MOVE = YES;
				CLANG_WARN_UNGUARDED_AVAILABILITY = YES_AGGRESSIVE;
				CLANG_WARN_UNREACHABLE_CODE = YES;
				CLANG_WARN__DUPLICATE_METHOD_MATCH = YES;
				COPY_PHASE_STRIP = NO;
				DEBUG_INFORMATION_FORMAT = "dwarf-with-dsym";
				ENABLE_NS_ASSERTIONS = NO;
				ENABLE_STRICT_OBJC_MSGSEND = YES;
				GCC_C_LANGUAGE_STANDARD = gnu11;
				GCC_NO_COMMON_BLOCKS = YES;
				GCC_WARN_64_TO_32_BIT_CONVERSION = YES;
				GCC_WARN_ABOUT_RETURN_TYPE = YES_ERROR;
				GCC_WARN_UNDECLARED_SELECTOR = YES;
				GCC_WARN_UNINITIALIZED_AUTOS = YES_AGGRESSIVE;
				GCC_WARN_UNUSED_FUNCTION = YES;
				GCC_WARN_UNUSED_VARIABLE = YES;
				MACOSX_DEPLOYMENT_TARGET = 12.3;
				MTL_ENABLE_DEBUG_INFO = NO;
				MTL_FAST_MATH = YES;
				SDKROOT = macosx;
				SWIFT_COMPILATION_MODE = wholemodule;
				SWIFT_OPTIMIZATION_LEVEL = "-O";
			};
			name = Release;
		};
		A8F60F0C292EAA6D002B00D1 /* Debug */ = {
			isa = XCBuildConfiguration;
			buildSettings = {
				CODE_SIGN_STYLE = Automatic;
				DEVELOPMENT_TEAM = HBXK2UB5Z3;
				ENABLE_HARDENED_RUNTIME = YES;
				PRODUCT_NAME = "$(TARGET_NAME)";
				SWIFT_VERSION = 5.0;
			};
			name = Debug;
		};
		A8F60F0D292EAA6D002B00D1 /* Release */ = {
			isa = XCBuildConfiguration;
			buildSettings = {
				CODE_SIGN_STYLE = Automatic;
				DEVELOPMENT_TEAM = HBXK2UB5Z3;
				ENABLE_HARDENED_RUNTIME = YES;
				PRODUCT_NAME = "$(TARGET_NAME)";
				SWIFT_VERSION = 5.0;
			};
			name = Release;
		};
/* End XCBuildConfiguration section */

/* Begin XCConfigurationList section */
		A8F60EFF292EAA6D002B00D1 /* Build configuration list for PBXProject "FactoryPattern" */ = {
			isa = XCConfigurationList;
			buildConfigurations = (
				A8F60F09292EAA6D002B00D1 /* Debug */,
				A8F60F0A292EAA6D002B00D1 /* Release */,
			);
			defaultConfigurationIsVisible = 0;
			defaultConfigurationName = Release;
		};
		A8F60F0B292EAA6D002B00D1 /* Build configuration list for PBXNativeTarget "FactoryPattern" */ = {
			isa = XCConfigurationList;
			buildConfigurations = (
				A8F60F0C292EAA6D002B00D1 /* Debug */,
				A8F60F0D292EAA6D002B00D1 /* Release */,
			);
			defaultConfigurationIsVisible = 0;
			defaultConfigurationName = Release;
		};
/* End XCConfigurationList section */
	};
	rootObject = A8F60EFC292EAA6D002B00D1 /* Project object */;
}
